
Microsoft Visual Studio Solution File, Format Version 12.00
# Visual Studio Version 17
VisualStudioVersion = 17.14.36221.1 d17.14
MinimumVisualStudioVersion = 10.0.40219.1
Project("{FAE04EC0-301F-11D3-BF4B-00C04F79EFBC}") = "WindowsFormsHelloWorld", "WindowsFormsHelloWorld\WindowsFormsHelloWorld.csproj", "{FDD7F4F0-5604-466D-8205-9F1471E494E1}"
EndProject
Global
	GlobalSection(SolutionConfigurationPlatforms) = preSolution
		Debug|Any CPU = Debug|Any CPU
		Release|Any CPU = Release|Any CPU
	EndGlobalSection
	GlobalSection(ProjectConfigurationPlatforms) = postSolution
		{FDD7F4F0-5604-466D-8205-9F1471E494E1}.Debug|Any CPU.ActiveCfg = Debug|Any CPU
		{FDD7F4F0-5604-466D-8205-9F1471E494E1}.Debug|Any CPU.Build.0 = Debug|Any CPU
		{FDD7F4F0-5604-466D-8205-9F1471E494E1}.Release|Any CPU.ActiveCfg = Release|Any CPU
		{FDD7F4F0-5604-466D-8205-9F1471E494E1}.Release|Any CPU.Build.0 = Release|Any CPU
	EndGlobalSection
	GlobalSection(SolutionProperties) = preSolution
		HideSolutionNode = FALSE
	EndGlobalSection
	GlobalSection(ExtensibilityGlobals) = postSolution
		SolutionGuid = {6FAAC525-62FC-4B90-AF5E-D5676ED62AB2}
	EndGlobalSection
EndGlobal
